// !$*UTF8*$!
{
	archiveVersion = 1;
	classes = {
	};
	objectVersion = 51;
	objects = {

/* Begin PBXBuildFile section */
		42E536226AA45CF65C3B0A27 /* Pods_Swift_Common_Swift_CommonUITests.framework in Frameworks */ = {isa = PBXBuildFile; fileRef = 1CA9422B778816A02CFF7C39 /* Pods_Swift_Common_Swift_CommonUITests.framework */; };
		46DEB9BF703E1331D418FE64 /* Pods_Swift_Common.framework in Frameworks */ = {isa = PBXBuildFile; fileRef = E199856FCAB3BCBEE2D2368B /* Pods_Swift_Common.framework */; };
		CD381243249A1EA900D3412A /* MainViewController.swift in Sources */ = {isa = PBXBuildFile; fileRef = CD381241249A1EA900D3412A /* MainViewController.swift */; };
		CD381244249A1EA900D3412A /* MainReactor.swift in Sources */ = {isa = PBXBuildFile; fileRef = CD381242249A1EA900D3412A /* MainReactor.swift */; };
		CD381246249A1EF400D3412A /* BaseViewController.swift in Sources */ = {isa = PBXBuildFile; fileRef = CD381245249A1EF400D3412A /* BaseViewController.swift */; };
		CD381249249A1FD500D3412A /* APITarget.swift in Sources */ = {isa = PBXBuildFile; fileRef = CD381248249A1FD500D3412A /* APITarget.swift */; };
		CD38124B249B09DB00D3412A /* UIScreen+Extension.swift in Sources */ = {isa = PBXBuildFile; fileRef = CD38124A249B09DB00D3412A /* UIScreen+Extension.swift */; };
		CD38124D249B0B3C00D3412A /* UIView+Extension.swift in Sources */ = {isa = PBXBuildFile; fileRef = CD38124C249B0B3C00D3412A /* UIView+Extension.swift */; };
		CD38124F249B0D0300D3412A /* UIWindow+Extension.swift in Sources */ = {isa = PBXBuildFile; fileRef = CD38124E249B0D0300D3412A /* UIWindow+Extension.swift */; };
		CD381251249B0DAB00D3412A /* UITextView+Extension.swift in Sources */ = {isa = PBXBuildFile; fileRef = CD381250249B0DAB00D3412A /* UITextView+Extension.swift */; };
		CD381254249B0E3700D3412A /* UITextField+Extension.swift in Sources */ = {isa = PBXBuildFile; fileRef = CD381253249B0E3700D3412A /* UITextField+Extension.swift */; };
		CD381256249B0F4100D3412A /* UITableView+Extension.swift in Sources */ = {isa = PBXBuildFile; fileRef = CD381255249B0F4100D3412A /* UITableView+Extension.swift */; };
		CD381258249B116200D3412A /* NSObject+Extension.swift in Sources */ = {isa = PBXBuildFile; fileRef = CD381257249B116200D3412A /* NSObject+Extension.swift */; };
		CD38125B249B13E500D3412A /* XibInitable.swift in Sources */ = {isa = PBXBuildFile; fileRef = CD38125A249B13E500D3412A /* XibInitable.swift */; };
		CD38125D249B15E000D3412A /* UICollectionView+Extension.swift in Sources */ = {isa = PBXBuildFile; fileRef = CD38125C249B15E000D3412A /* UICollectionView+Extension.swift */; };
		CD38125F249B16AA00D3412A /* UIScrollView+Extension.swift in Sources */ = {isa = PBXBuildFile; fileRef = CD38125E249B16AA00D3412A /* UIScrollView+Extension.swift */; };
		CD381261249B179C00D3412A /* StoryboardInitable.swift in Sources */ = {isa = PBXBuildFile; fileRef = CD381260249B179C00D3412A /* StoryboardInitable.swift */; };
		CD8B22BC2490C25200B0CCDF /* AppDelegate.swift in Sources */ = {isa = PBXBuildFile; fileRef = CD8B22BB2490C25200B0CCDF /* AppDelegate.swift */; };
		CD8B22C32490C25200B0CCDF /* Main.storyboard in Resources */ = {isa = PBXBuildFile; fileRef = CD8B22C12490C25200B0CCDF /* Main.storyboard */; };
		CD8B22C52490C25400B0CCDF /* Assets.xcassets in Resources */ = {isa = PBXBuildFile; fileRef = CD8B22C42490C25400B0CCDF /* Assets.xcassets */; };
		CD8B22C82490C25400B0CCDF /* LaunchScreen.storyboard in Resources */ = {isa = PBXBuildFile; fileRef = CD8B22C62490C25400B0CCDF /* LaunchScreen.storyboard */; };
		CD8B22D32490C25500B0CCDF /* SwiftCommonTests.swift in Sources */ = {isa = PBXBuildFile; fileRef = CD8B22D22490C25500B0CCDF /* SwiftCommonTests.swift */; };
		CD8B22DE2490C25500B0CCDF /* SwiftCommonUITests.swift in Sources */ = {isa = PBXBuildFile; fileRef = CD8B22DD2490C25500B0CCDF /* SwiftCommonUITests.swift */; };
		CD8B22FA2490CBF600B0CCDF /* ActivityIndicator.swift in Sources */ = {isa = PBXBuildFile; fileRef = CD8B22F92490CBF600B0CCDF /* ActivityIndicator.swift */; };
		CD8B22FE2490D04100B0CCDF /* licenses_header.html in Resources */ = {isa = PBXBuildFile; fileRef = CD8B22FB2490D04100B0CCDF /* licenses_header.html */; };
		CD8B22FF2490D04100B0CCDF /* licenses_footer.html in Resources */ = {isa = PBXBuildFile; fileRef = CD8B22FC2490D04100B0CCDF /* licenses_footer.html */; };
		CD8B23002490D04100B0CCDF /* licenses.html in Resources */ = {isa = PBXBuildFile; fileRef = CD8B22FD2490D04100B0CCDF /* licenses.html */; };
		CDC20406249B364B00113AF6 /* String+Extension.swift in Sources */ = {isa = PBXBuildFile; fileRef = CDC20405249B364B00113AF6 /* String+Extension.swift */; };
		CDC20408249B37B300113AF6 /* NSMutableAttributedString+Extension.swift in Sources */ = {isa = PBXBuildFile; fileRef = CDC20407249B37B300113AF6 /* NSMutableAttributedString+Extension.swift */; };
		CDC20455249C954400113AF6 /* Default-568h@2x.png in Resources */ = {isa = PBXBuildFile; fileRef = CDC20454249C954400113AF6 /* Default-568h@2x.png */; };
		F4A8AE85BA676BE52176D90B /* Pods_Swift_CommonTests.framework in Frameworks */ = {isa = PBXBuildFile; fileRef = A5064E4921C812918807B4F0 /* Pods_Swift_CommonTests.framework */; };
/* End PBXBuildFile section */

/* Begin PBXContainerItemProxy section */
		CD8B22CF2490C25500B0CCDF /* PBXContainerItemProxy */ = {
			isa = PBXContainerItemProxy;
			containerPortal = CD8B22B02490C25200B0CCDF /* Project object */;
			proxyType = 1;
			remoteGlobalIDString = CD8B22B72490C25200B0CCDF;
			remoteInfo = "Swift-Common";
		};
		CD8B22DA2490C25500B0CCDF /* PBXContainerItemProxy */ = {
			isa = PBXContainerItemProxy;
			containerPortal = CD8B22B02490C25200B0CCDF /* Project object */;
			proxyType = 1;
			remoteGlobalIDString = CD8B22B72490C25200B0CCDF;
			remoteInfo = "Swift-Common";
		};
/* End PBXContainerItemProxy section */

/* Begin PBXFileReference section */
		1CA9422B778816A02CFF7C39 /* Pods_Swift_Common_Swift_CommonUITests.framework */ = {isa = PBXFileReference; explicitFileType = wrapper.framework; includeInIndex = 0; path = Pods_Swift_Common_Swift_CommonUITests.framework; sourceTree = BUILT_PRODUCTS_DIR; };
		3F7B02C22EC60E386B126F2B /* Pods-Swift-Common-Swift-CommonUITests.debug.xcconfig */ = {isa = PBXFileReference; includeInIndex = 1; lastKnownFileType = text.xcconfig; name = "Pods-Swift-Common-Swift-CommonUITests.debug.xcconfig"; path = "Target Support Files/Pods-Swift-Common-Swift-CommonUITests/Pods-Swift-Common-Swift-CommonUITests.debug.xcconfig"; sourceTree = "<group>"; };
		4EA233F9766EA82F5C39BFA0 /* Pods-Swift-CommonTests.debug.xcconfig */ = {isa = PBXFileReference; includeInIndex = 1; lastKnownFileType = text.xcconfig; name = "Pods-Swift-CommonTests.debug.xcconfig"; path = "Target Support Files/Pods-Swift-CommonTests/Pods-Swift-CommonTests.debug.xcconfig"; sourceTree = "<group>"; };
		534C3977A82FFE8059FEE9C7 /* Pods-Swift-Common-Swift-CommonUITests.release.xcconfig */ = {isa = PBXFileReference; includeInIndex = 1; lastKnownFileType = text.xcconfig; name = "Pods-Swift-Common-Swift-CommonUITests.release.xcconfig"; path = "Target Support Files/Pods-Swift-Common-Swift-CommonUITests/Pods-Swift-Common-Swift-CommonUITests.release.xcconfig"; sourceTree = "<group>"; };
		54AD54EC2A05709152B96205 /* Pods-Swift-Common.debug.xcconfig */ = {isa = PBXFileReference; includeInIndex = 1; lastKnownFileType = text.xcconfig; name = "Pods-Swift-Common.debug.xcconfig"; path = "Target Support Files/Pods-Swift-Common/Pods-Swift-Common.debug.xcconfig"; sourceTree = "<group>"; };
		72F8EAFB6FD5E1E4F637DB01 /* Pods-Swift-Common.release.xcconfig */ = {isa = PBXFileReference; includeInIndex = 1; lastKnownFileType = text.xcconfig; name = "Pods-Swift-Common.release.xcconfig"; path = "Target Support Files/Pods-Swift-Common/Pods-Swift-Common.release.xcconfig"; sourceTree = "<group>"; };
		A5064E4921C812918807B4F0 /* Pods_Swift_CommonTests.framework */ = {isa = PBXFileReference; explicitFileType = wrapper.framework; includeInIndex = 0; path = Pods_Swift_CommonTests.framework; sourceTree = BUILT_PRODUCTS_DIR; };
		C68F93520D57CBC669970CC8 /* Pods-Swift-CommonTests.release.xcconfig */ = {isa = PBXFileReference; includeInIndex = 1; lastKnownFileType = text.xcconfig; name = "Pods-Swift-CommonTests.release.xcconfig"; path = "Target Support Files/Pods-Swift-CommonTests/Pods-Swift-CommonTests.release.xcconfig"; sourceTree = "<group>"; };
		CD381241249A1EA900D3412A /* MainViewController.swift */ = {isa = PBXFileReference; lastKnownFileType = sourcecode.swift; path = MainViewController.swift; sourceTree = "<group>"; };
		CD381242249A1EA900D3412A /* MainReactor.swift */ = {isa = PBXFileReference; lastKnownFileType = sourcecode.swift; path = MainReactor.swift; sourceTree = "<group>"; };
		CD381245249A1EF400D3412A /* BaseViewController.swift */ = {isa = PBXFileReference; lastKnownFileType = sourcecode.swift; path = BaseViewController.swift; sourceTree = "<group>"; };
		CD381248249A1FD500D3412A /* APITarget.swift */ = {isa = PBXFileReference; lastKnownFileType = sourcecode.swift; path = APITarget.swift; sourceTree = "<group>"; };
		CD38124A249B09DB00D3412A /* UIScreen+Extension.swift */ = {isa = PBXFileReference; lastKnownFileType = sourcecode.swift; path = "UIScreen+Extension.swift"; sourceTree = "<group>"; };
		CD38124C249B0B3C00D3412A /* UIView+Extension.swift */ = {isa = PBXFileReference; lastKnownFileType = sourcecode.swift; path = "UIView+Extension.swift"; sourceTree = "<group>"; };
		CD38124E249B0D0300D3412A /* UIWindow+Extension.swift */ = {isa = PBXFileReference; lastKnownFileType = sourcecode.swift; path = "UIWindow+Extension.swift"; sourceTree = "<group>"; };
		CD381250249B0DAB00D3412A /* UITextView+Extension.swift */ = {isa = PBXFileReference; lastKnownFileType = sourcecode.swift; path = "UITextView+Extension.swift"; sourceTree = "<group>"; };
		CD381253249B0E3700D3412A /* UITextField+Extension.swift */ = {isa = PBXFileReference; lastKnownFileType = sourcecode.swift; path = "UITextField+Extension.swift"; sourceTree = "<group>"; };
		CD381255249B0F4100D3412A /* UITableView+Extension.swift */ = {isa = PBXFileReference; lastKnownFileType = sourcecode.swift; path = "UITableView+Extension.swift"; sourceTree = "<group>"; };
		CD381257249B116200D3412A /* NSObject+Extension.swift */ = {isa = PBXFileReference; lastKnownFileType = sourcecode.swift; path = "NSObject+Extension.swift"; sourceTree = "<group>"; };
		CD38125A249B13E500D3412A /* XibInitable.swift */ = {isa = PBXFileReference; fileEncoding = 4; lastKnownFileType = sourcecode.swift; path = XibInitable.swift; sourceTree = "<group>"; };
		CD38125C249B15E000D3412A /* UICollectionView+Extension.swift */ = {isa = PBXFileReference; lastKnownFileType = sourcecode.swift; path = "UICollectionView+Extension.swift"; sourceTree = "<group>"; };
		CD38125E249B16AA00D3412A /* UIScrollView+Extension.swift */ = {isa = PBXFileReference; lastKnownFileType = sourcecode.swift; path = "UIScrollView+Extension.swift"; sourceTree = "<group>"; };
		CD381260249B179C00D3412A /* StoryboardInitable.swift */ = {isa = PBXFileReference; fileEncoding = 4; lastKnownFileType = sourcecode.swift; path = StoryboardInitable.swift; sourceTree = "<group>"; };
		CD8B22B82490C25200B0CCDF /* Swift-Common.app */ = {isa = PBXFileReference; explicitFileType = wrapper.application; includeInIndex = 0; path = "Swift-Common.app"; sourceTree = BUILT_PRODUCTS_DIR; };
		CD8B22BB2490C25200B0CCDF /* AppDelegate.swift */ = {isa = PBXFileReference; lastKnownFileType = sourcecode.swift; path = AppDelegate.swift; sourceTree = "<group>"; };
		CD8B22C22490C25200B0CCDF /* Base */ = {isa = PBXFileReference; lastKnownFileType = file.storyboard; name = Base; path = Base.lproj/Main.storyboard; sourceTree = "<group>"; };
		CD8B22C42490C25400B0CCDF /* Assets.xcassets */ = {isa = PBXFileReference; lastKnownFileType = folder.assetcatalog; path = Assets.xcassets; sourceTree = "<group>"; };
		CD8B22C72490C25400B0CCDF /* Base */ = {isa = PBXFileReference; lastKnownFileType = file.storyboard; name = Base; path = Base.lproj/LaunchScreen.storyboard; sourceTree = "<group>"; };
		CD8B22C92490C25400B0CCDF /* Info.plist */ = {isa = PBXFileReference; lastKnownFileType = text.plist.xml; path = Info.plist; sourceTree = "<group>"; };
		CD8B22CE2490C25500B0CCDF /* Swift-CommonTests.xctest */ = {isa = PBXFileReference; explicitFileType = wrapper.cfbundle; includeInIndex = 0; path = "Swift-CommonTests.xctest"; sourceTree = BUILT_PRODUCTS_DIR; };
		CD8B22D22490C25500B0CCDF /* SwiftCommonTests.swift */ = {isa = PBXFileReference; lastKnownFileType = sourcecode.swift; path = SwiftCommonTests.swift; sourceTree = "<group>"; };
		CD8B22D42490C25500B0CCDF /* Info.plist */ = {isa = PBXFileReference; lastKnownFileType = text.plist.xml; path = Info.plist; sourceTree = "<group>"; };
		CD8B22D92490C25500B0CCDF /* Swift-CommonUITests.xctest */ = {isa = PBXFileReference; explicitFileType = wrapper.cfbundle; includeInIndex = 0; path = "Swift-CommonUITests.xctest"; sourceTree = BUILT_PRODUCTS_DIR; };
		CD8B22DD2490C25500B0CCDF /* SwiftCommonUITests.swift */ = {isa = PBXFileReference; lastKnownFileType = sourcecode.swift; path = SwiftCommonUITests.swift; sourceTree = "<group>"; };
		CD8B22DF2490C25500B0CCDF /* Info.plist */ = {isa = PBXFileReference; lastKnownFileType = text.plist.xml; path = Info.plist; sourceTree = "<group>"; };
		CD8B22F92490CBF600B0CCDF /* ActivityIndicator.swift */ = {isa = PBXFileReference; fileEncoding = 4; lastKnownFileType = sourcecode.swift; path = ActivityIndicator.swift; sourceTree = "<group>"; };
		CD8B22FB2490D04100B0CCDF /* licenses_header.html */ = {isa = PBXFileReference; fileEncoding = 4; lastKnownFileType = text.html; path = licenses_header.html; sourceTree = "<group>"; };
		CD8B22FC2490D04100B0CCDF /* licenses_footer.html */ = {isa = PBXFileReference; fileEncoding = 4; lastKnownFileType = text.html; path = licenses_footer.html; sourceTree = "<group>"; };
		CD8B22FD2490D04100B0CCDF /* licenses.html */ = {isa = PBXFileReference; fileEncoding = 4; lastKnownFileType = text.html; path = licenses.html; sourceTree = "<group>"; };
		CDC20405249B364B00113AF6 /* String+Extension.swift */ = {isa = PBXFileReference; lastKnownFileType = sourcecode.swift; path = "String+Extension.swift"; sourceTree = "<group>"; };
		CDC20407249B37B300113AF6 /* NSMutableAttributedString+Extension.swift */ = {isa = PBXFileReference; lastKnownFileType = sourcecode.swift; path = "NSMutableAttributedString+Extension.swift"; sourceTree = "<group>"; };
		CDC20454249C954400113AF6 /* Default-568h@2x.png */ = {isa = PBXFileReference; lastKnownFileType = image.png; path = "Default-568h@2x.png"; sourceTree = "<group>"; };
		E199856FCAB3BCBEE2D2368B /* Pods_Swift_Common.framework */ = {isa = PBXFileReference; explicitFileType = wrapper.framework; includeInIndex = 0; path = Pods_Swift_Common.framework; sourceTree = BUILT_PRODUCTS_DIR; };
/* End PBXFileReference section */

/* Begin PBXFrameworksBuildPhase section */
		CD8B22B52490C25200B0CCDF /* Frameworks */ = {
			isa = PBXFrameworksBuildPhase;
			buildActionMask = 2147483647;
			files = (
				46DEB9BF703E1331D418FE64 /* Pods_Swift_Common.framework in Frameworks */,
			);
			runOnlyForDeploymentPostprocessing = 0;
		};
		CD8B22CB2490C25500B0CCDF /* Frameworks */ = {
			isa = PBXFrameworksBuildPhase;
			buildActionMask = 2147483647;
			files = (
				F4A8AE85BA676BE52176D90B /* Pods_Swift_CommonTests.framework in Frameworks */,
			);
			runOnlyForDeploymentPostprocessing = 0;
		};
		CD8B22D62490C25500B0CCDF /* Frameworks */ = {
			isa = PBXFrameworksBuildPhase;
			buildActionMask = 2147483647;
			files = (
				42E536226AA45CF65C3B0A27 /* Pods_Swift_Common_Swift_CommonUITests.framework in Frameworks */,
			);
			runOnlyForDeploymentPostprocessing = 0;
		};
/* End PBXFrameworksBuildPhase section */

/* Begin PBXGroup section */
		7051C545164C8B308811F856 /* Pods */ = {
			isa = PBXGroup;
			children = (
				54AD54EC2A05709152B96205 /* Pods-Swift-Common.debug.xcconfig */,
				72F8EAFB6FD5E1E4F637DB01 /* Pods-Swift-Common.release.xcconfig */,
				3F7B02C22EC60E386B126F2B /* Pods-Swift-Common-Swift-CommonUITests.debug.xcconfig */,
				534C3977A82FFE8059FEE9C7 /* Pods-Swift-Common-Swift-CommonUITests.release.xcconfig */,
				4EA233F9766EA82F5C39BFA0 /* Pods-Swift-CommonTests.debug.xcconfig */,
				C68F93520D57CBC669970CC8 /* Pods-Swift-CommonTests.release.xcconfig */,
			);
			path = Pods;
			sourceTree = "<group>";
		};
		BAED0F4D27EE1DD600063E87 /* Frameworks */ = {
			isa = PBXGroup;
			children = (
				E199856FCAB3BCBEE2D2368B /* Pods_Swift_Common.framework */,
				1CA9422B778816A02CFF7C39 /* Pods_Swift_Common_Swift_CommonUITests.framework */,
				A5064E4921C812918807B4F0 /* Pods_Swift_CommonTests.framework */,
			);
			name = Frameworks;
			sourceTree = "<group>";
		};
		CD381247249A1EFB00D3412A /* Base */ = {
			isa = PBXGroup;
			children = (
				CD381245249A1EF400D3412A /* BaseViewController.swift */,
			);
			path = Base;
			sourceTree = "<group>";
		};
		CD381252249B0E1E00D3412A /* UIKit */ = {
			isa = PBXGroup;
			children = (
				CD38124A249B09DB00D3412A /* UIScreen+Extension.swift */,
				CD38124C249B0B3C00D3412A /* UIView+Extension.swift */,
				CD38124E249B0D0300D3412A /* UIWindow+Extension.swift */,
				CD381250249B0DAB00D3412A /* UITextView+Extension.swift */,
				CD381253249B0E3700D3412A /* UITextField+Extension.swift */,
				CD38125E249B16AA00D3412A /* UIScrollView+Extension.swift */,
				CD381255249B0F4100D3412A /* UITableView+Extension.swift */,
				CD38125C249B15E000D3412A /* UICollectionView+Extension.swift */,
			);
			path = UIKit;
			sourceTree = "<group>";
		};
		CD381259249B116700D3412A /* Foundation */ = {
			isa = PBXGroup;
			children = (
				CD381257249B116200D3412A /* NSObject+Extension.swift */,
				CDC20405249B364B00113AF6 /* String+Extension.swift */,
				CDC20407249B37B300113AF6 /* NSMutableAttributedString+Extension.swift */,
			);
			path = Foundation;
			sourceTree = "<group>";
		};
		CD8B22AF2490C25200B0CCDF = {
			isa = PBXGroup;
			children = (
				CDC20454249C954400113AF6 /* Default-568h@2x.png */,
				CD8B22BA2490C25200B0CCDF /* Swift-Common */,
				CD8B22D12490C25500B0CCDF /* SwiftCommonTests */,
				CD8B22DC2490C25500B0CCDF /* SwiftCommonUITests */,
				CD8B22B92490C25200B0CCDF /* Products */,
				7051C545164C8B308811F856 /* Pods */,
				BAED0F4D27EE1DD600063E87 /* Frameworks */,
			);
			sourceTree = "<group>";
		};
		CD8B22B92490C25200B0CCDF /* Products */ = {
			isa = PBXGroup;
			children = (
				CD8B22B82490C25200B0CCDF /* Swift-Common.app */,
				CD8B22CE2490C25500B0CCDF /* Swift-CommonTests.xctest */,
				CD8B22D92490C25500B0CCDF /* Swift-CommonUITests.xctest */,
			);
			name = Products;
			sourceTree = "<group>";
		};
		CD8B22BA2490C25200B0CCDF /* Swift-Common */ = {
			isa = PBXGroup;
			children = (
				CD8B22BB2490C25200B0CCDF /* AppDelegate.swift */,
				CD8B22F82490C9F300B0CCDF /* Configs */,
				CD8B22F42490C8EB00B0CCDF /* Services */,
				CD8B22F32490C8DE00B0CCDF /* Models */,
				CD8B22EF2490C81C00B0CCDF /* Screens */,
				CD8B22EC2490C61600B0CCDF /* ViewParts */,
				CD8B22F02490C87200B0CCDF /* Utils */,
				CD8B22F22490C8C400B0CCDF /* Others */,
				CD8B22F52490C91000B0CCDF /* Resources */,
			);
			path = "Swift-Common";
			sourceTree = "<group>";
		};
		CD8B22D12490C25500B0CCDF /* SwiftCommonTests */ = {
			isa = PBXGroup;
			children = (
				CD8B22D22490C25500B0CCDF /* SwiftCommonTests.swift */,
				CD8B22D42490C25500B0CCDF /* Info.plist */,
			);
			path = SwiftCommonTests;
			sourceTree = "<group>";
		};
		CD8B22DC2490C25500B0CCDF /* SwiftCommonUITests */ = {
			isa = PBXGroup;
			children = (
				CD8B22DD2490C25500B0CCDF /* SwiftCommonUITests.swift */,
				CD8B22DF2490C25500B0CCDF /* Info.plist */,
			);
			path = SwiftCommonUITests;
			sourceTree = "<group>";
		};
		CD8B22EB2490C60000B0CCDF /* Extensions */ = {
			isa = PBXGroup;
			children = (
				CD381259249B116700D3412A /* Foundation */,
				CD381252249B0E1E00D3412A /* UIKit */,
			);
			path = Extensions;
			sourceTree = "<group>";
		};
		CD8B22EC2490C61600B0CCDF /* ViewParts */ = {
			isa = PBXGroup;
			children = (
			);
			path = ViewParts;
			sourceTree = "<group>";
		};
		CD8B22EF2490C81C00B0CCDF /* Screens */ = {
			isa = PBXGroup;
			children = (
				CD381247249A1EFB00D3412A /* Base */,
				CD8B22F72490C93F00B0CCDF /* Launch */,
				CD8B22F62490C92300B0CCDF /* Main */,
			);
			path = Screens;
			sourceTree = "<group>";
		};
		CD8B22F02490C87200B0CCDF /* Utils */ = {
			isa = PBXGroup;
			children = (
				CD8B22F12490C88500B0CCDF /* Protocols */,
				CD8B22EB2490C60000B0CCDF /* Extensions */,
				CD8B22F92490CBF600B0CCDF /* ActivityIndicator.swift */,
			);
			path = Utils;
			sourceTree = "<group>";
		};
		CD8B22F12490C88500B0CCDF /* Protocols */ = {
			isa = PBXGroup;
			children = (
				CD38125A249B13E500D3412A /* XibInitable.swift */,
				CD381260249B179C00D3412A /* StoryboardInitable.swift */,
			);
			path = Protocols;
			sourceTree = "<group>";
		};
		CD8B22F22490C8C400B0CCDF /* Others */ = {
			isa = PBXGroup;
			children = (
			);
			path = Others;
			sourceTree = "<group>";
		};
		CD8B22F32490C8DE00B0CCDF /* Models */ = {
			isa = PBXGroup;
			children = (
			);
			path = Models;
			sourceTree = "<group>";
		};
		CD8B22F42490C8EB00B0CCDF /* Services */ = {
			isa = PBXGroup;
			children = (
				CD381248249A1FD500D3412A /* APITarget.swift */,
			);
			path = Services;
			sourceTree = "<group>";
		};
		CD8B22F52490C91000B0CCDF /* Resources */ = {
			isa = PBXGroup;
			children = (
				CD8B22FD2490D04100B0CCDF /* licenses.html */,
				CD8B22FC2490D04100B0CCDF /* licenses_footer.html */,
				CD8B22FB2490D04100B0CCDF /* licenses_header.html */,
				CD8B22C42490C25400B0CCDF /* Assets.xcassets */,
				CD8B22C92490C25400B0CCDF /* Info.plist */,
			);
			path = Resources;
			sourceTree = "<group>";
		};
		CD8B22F62490C92300B0CCDF /* Main */ = {
			isa = PBXGroup;
			children = (
				CD381241249A1EA900D3412A /* MainViewController.swift */,
				CD381242249A1EA900D3412A /* MainReactor.swift */,
				CD8B22C12490C25200B0CCDF /* Main.storyboard */,
			);
			path = Main;
			sourceTree = "<group>";
		};
		CD8B22F72490C93F00B0CCDF /* Launch */ = {
			isa = PBXGroup;
			children = (
				CD8B22C62490C25400B0CCDF /* LaunchScreen.storyboard */,
			);
			path = Launch;
			sourceTree = "<group>";
		};
		CD8B22F82490C9F300B0CCDF /* Configs */ = {
			isa = PBXGroup;
			children = (
			);
			path = Configs;
			sourceTree = "<group>";
		};
/* End PBXGroup section */

/* Begin PBXNativeTarget section */
		CD8B22B72490C25200B0CCDF /* Swift-Common */ = {
			isa = PBXNativeTarget;
			buildConfigurationList = CD8B22E22490C25500B0CCDF /* Build configuration list for PBXNativeTarget "Swift-Common" */;
			buildPhases = (
				194D70A6480FEE62E6C71D95 /* [CP] Check Pods Manifest.lock */,
				CD8B22B42490C25200B0CCDF /* Sources */,
				CD8B22B52490C25200B0CCDF /* Frameworks */,
				CD8B22B62490C25200B0CCDF /* Resources */,
				D3EEABC4E8129923CE773BB9 /* [CP] Embed Pods Frameworks */,
				CDC20453249C94F400113AF6 /* ShellScript */,
			);
			buildRules = (
			);
			dependencies = (
			);
			name = "Swift-Common";
			productName = "Swift-Common";
			productReference = CD8B22B82490C25200B0CCDF /* Swift-Common.app */;
			productType = "com.apple.product-type.application";
		};
		CD8B22CD2490C25500B0CCDF /* Swift-CommonTests */ = {
			isa = PBXNativeTarget;
			buildConfigurationList = CD8B22E52490C25500B0CCDF /* Build configuration list for PBXNativeTarget "Swift-CommonTests" */;
			buildPhases = (
				BD9E91956A2F2074310C928A /* [CP] Check Pods Manifest.lock */,
				CD8B22CA2490C25500B0CCDF /* Sources */,
				CD8B22CB2490C25500B0CCDF /* Frameworks */,
				CD8B22CC2490C25500B0CCDF /* Resources */,
			);
			buildRules = (
			);
			dependencies = (
				CD8B22D02490C25500B0CCDF /* PBXTargetDependency */,
			);
			name = "Swift-CommonTests";
			productName = "Swift-CommonTests";
			productReference = CD8B22CE2490C25500B0CCDF /* Swift-CommonTests.xctest */;
			productType = "com.apple.product-type.bundle.unit-test";
		};
		CD8B22D82490C25500B0CCDF /* Swift-CommonUITests */ = {
			isa = PBXNativeTarget;
			buildConfigurationList = CD8B22E82490C25500B0CCDF /* Build configuration list for PBXNativeTarget "Swift-CommonUITests" */;
			buildPhases = (
				9FC15EFA086F7D9E40D2EEBB /* [CP] Check Pods Manifest.lock */,
				CD8B22D52490C25500B0CCDF /* Sources */,
				CD8B22D62490C25500B0CCDF /* Frameworks */,
				CD8B22D72490C25500B0CCDF /* Resources */,
				3B05617B094B26348C9AE71E /* [CP] Embed Pods Frameworks */,
			);
			buildRules = (
			);
			dependencies = (
				CD8B22DB2490C25500B0CCDF /* PBXTargetDependency */,
			);
			name = "Swift-CommonUITests";
			productName = "Swift-CommonUITests";
			productReference = CD8B22D92490C25500B0CCDF /* Swift-CommonUITests.xctest */;
			productType = "com.apple.product-type.bundle.ui-testing";
		};
/* End PBXNativeTarget section */

/* Begin PBXProject section */
		CD8B22B02490C25200B0CCDF /* Project object */ = {
			isa = PBXProject;
			attributes = {
				LastSwiftUpdateCheck = 1150;
				LastUpgradeCheck = 1150;
				ORGANIZATIONNAME = xiaosan;
				TargetAttributes = {
					CD8B22B72490C25200B0CCDF = {
						CreatedOnToolsVersion = 11.5;
					};
					CD8B22CD2490C25500B0CCDF = {
						CreatedOnToolsVersion = 11.5;
						TestTargetID = CD8B22B72490C25200B0CCDF;
					};
					CD8B22D82490C25500B0CCDF = {
						CreatedOnToolsVersion = 11.5;
						TestTargetID = CD8B22B72490C25200B0CCDF;
					};
				};
			};
			buildConfigurationList = CD8B22B32490C25200B0CCDF /* Build configuration list for PBXProject "Swift-Common" */;
			compatibilityVersion = "Xcode 9.3";
			developmentRegion = en;
			hasScannedForEncodings = 0;
			knownRegions = (
				en,
				Base,
			);
			mainGroup = CD8B22AF2490C25200B0CCDF;
			productRefGroup = CD8B22B92490C25200B0CCDF /* Products */;
			projectDirPath = "";
			projectRoot = "";
			targets = (
				CD8B22B72490C25200B0CCDF /* Swift-Common */,
				CD8B22CD2490C25500B0CCDF /* Swift-CommonTests */,
				CD8B22D82490C25500B0CCDF /* Swift-CommonUITests */,
			);
		};
/* End PBXProject section */

/* Begin PBXResourcesBuildPhase section */
		CD8B22B62490C25200B0CCDF /* Resources */ = {
			isa = PBXResourcesBuildPhase;
			buildActionMask = 2147483647;
			files = (
				CD8B23002490D04100B0CCDF /* licenses.html in Resources */,
				CD8B22C82490C25400B0CCDF /* LaunchScreen.storyboard in Resources */,
				CD8B22FE2490D04100B0CCDF /* licenses_header.html in Resources */,
				CD8B22C52490C25400B0CCDF /* Assets.xcassets in Resources */,
				CD8B22C32490C25200B0CCDF /* Main.storyboard in Resources */,
				CDC20455249C954400113AF6 /* Default-568h@2x.png in Resources */,
				CD8B22FF2490D04100B0CCDF /* licenses_footer.html in Resources */,
			);
			runOnlyForDeploymentPostprocessing = 0;
		};
		CD8B22CC2490C25500B0CCDF /* Resources */ = {
			isa = PBXResourcesBuildPhase;
			buildActionMask = 2147483647;
			files = (
			);
			runOnlyForDeploymentPostprocessing = 0;
		};
		CD8B22D72490C25500B0CCDF /* Resources */ = {
			isa = PBXResourcesBuildPhase;
			buildActionMask = 2147483647;
			files = (
			);
			runOnlyForDeploymentPostprocessing = 0;
		};
/* End PBXResourcesBuildPhase section */

/* Begin PBXShellScriptBuildPhase section */
		194D70A6480FEE62E6C71D95 /* [CP] Check Pods Manifest.lock */ = {
			isa = PBXShellScriptBuildPhase;
			buildActionMask = 2147483647;
			files = (
			);
			inputFileListPaths = (
			);
			inputPaths = (
				"${PODS_PODFILE_DIR_PATH}/Podfile.lock",
				"${PODS_ROOT}/Manifest.lock",
			);
			name = "[CP] Check Pods Manifest.lock";
			outputFileListPaths = (
			);
			outputPaths = (
				"$(DERIVED_FILE_DIR)/Pods-Swift-Common-checkManifestLockResult.txt",
			);
			runOnlyForDeploymentPostprocessing = 0;
			shellPath = /bin/sh;
			shellScript = "diff \"${PODS_PODFILE_DIR_PATH}/Podfile.lock\" \"${PODS_ROOT}/Manifest.lock\" > /dev/null\nif [ $? != 0 ] ; then\n    # print error to STDERR\n    echo \"error: The sandbox is not in sync with the Podfile.lock. Run 'pod install' or update your CocoaPods installation.\" >&2\n    exit 1\nfi\n# This output is used by Xcode 'outputs' to avoid re-running this script phase.\necho \"SUCCESS\" > \"${SCRIPT_OUTPUT_FILE_0}\"\n";
			showEnvVarsInLog = 0;
		};
		3B05617B094B26348C9AE71E /* [CP] Embed Pods Frameworks */ = {
			isa = PBXShellScriptBuildPhase;
			buildActionMask = 2147483647;
			files = (
			);
			inputFileListPaths = (
				"${PODS_ROOT}/Target Support Files/Pods-Swift-Common-Swift-CommonUITests/Pods-Swift-Common-Swift-CommonUITests-frameworks-${CONFIGURATION}-input-files.xcfilelist",
			);
			name = "[CP] Embed Pods Frameworks";
			outputFileListPaths = (
				"${PODS_ROOT}/Target Support Files/Pods-Swift-Common-Swift-CommonUITests/Pods-Swift-Common-Swift-CommonUITests-frameworks-${CONFIGURATION}-output-files.xcfilelist",
			);
			runOnlyForDeploymentPostprocessing = 0;
			shellPath = /bin/sh;
			shellScript = "\"${PODS_ROOT}/Target Support Files/Pods-Swift-Common-Swift-CommonUITests/Pods-Swift-Common-Swift-CommonUITests-frameworks.sh\"\n";
			showEnvVarsInLog = 0;
		};
		9FC15EFA086F7D9E40D2EEBB /* [CP] Check Pods Manifest.lock */ = {
			isa = PBXShellScriptBuildPhase;
			buildActionMask = 2147483647;
			files = (
			);
			inputFileListPaths = (
			);
			inputPaths = (
				"${PODS_PODFILE_DIR_PATH}/Podfile.lock",
				"${PODS_ROOT}/Manifest.lock",
			);
			name = "[CP] Check Pods Manifest.lock";
			outputFileListPaths = (
			);
			outputPaths = (
				"$(DERIVED_FILE_DIR)/Pods-Swift-Common-Swift-CommonUITests-checkManifestLockResult.txt",
			);
			runOnlyForDeploymentPostprocessing = 0;
			shellPath = /bin/sh;
			shellScript = "diff \"${PODS_PODFILE_DIR_PATH}/Podfile.lock\" \"${PODS_ROOT}/Manifest.lock\" > /dev/null\nif [ $? != 0 ] ; then\n    # print error to STDERR\n    echo \"error: The sandbox is not in sync with the Podfile.lock. Run 'pod install' or update your CocoaPods installation.\" >&2\n    exit 1\nfi\n# This output is used by Xcode 'outputs' to avoid re-running this script phase.\necho \"SUCCESS\" > \"${SCRIPT_OUTPUT_FILE_0}\"\n";
			showEnvVarsInLog = 0;
		};
		BD9E91956A2F2074310C928A /* [CP] Check Pods Manifest.lock */ = {
			isa = PBXShellScriptBuildPhase;
			buildActionMask = 2147483647;
			files = (
			);
			inputFileListPaths = (
			);
			inputPaths = (
				"${PODS_PODFILE_DIR_PATH}/Podfile.lock",
				"${PODS_ROOT}/Manifest.lock",
			);
			name = "[CP] Check Pods Manifest.lock";
			outputFileListPaths = (
			);
			outputPaths = (
				"$(DERIVED_FILE_DIR)/Pods-Swift-CommonTests-checkManifestLockResult.txt",
			);
			runOnlyForDeploymentPostprocessing = 0;
			shellPath = /bin/sh;
			shellScript = "diff \"${PODS_PODFILE_DIR_PATH}/Podfile.lock\" \"${PODS_ROOT}/Manifest.lock\" > /dev/null\nif [ $? != 0 ] ; then\n    # print error to STDERR\n    echo \"error: The sandbox is not in sync with the Podfile.lock. Run 'pod install' or update your CocoaPods installation.\" >&2\n    exit 1\nfi\n# This output is used by Xcode 'outputs' to avoid re-running this script phase.\necho \"SUCCESS\" > \"${SCRIPT_OUTPUT_FILE_0}\"\n";
			showEnvVarsInLog = 0;
		};
		CDC20453249C94F400113AF6 /* ShellScript */ = {
			isa = PBXShellScriptBuildPhase;
			buildActionMask = 2147483647;
			files = (
			);
			inputFileListPaths = (
			);
			inputPaths = (
			);
			outputFileListPaths = (
			);
			outputPaths = (
			);
			runOnlyForDeploymentPostprocessing = 0;
			shellPath = /bin/sh;
			shellScript = "if which swiftlint >/dev/null; then\n  swiftlint\nelse\n  echo \"warning: SwiftLint not installed, download from https://github.com/realm/SwiftLint\"\nfi\n";
		};
		D3EEABC4E8129923CE773BB9 /* [CP] Embed Pods Frameworks */ = {
			isa = PBXShellScriptBuildPhase;
			buildActionMask = 2147483647;
			files = (
			);
			inputFileListPaths = (
				"${PODS_ROOT}/Target Support Files/Pods-Swift-Common/Pods-Swift-Common-frameworks-${CONFIGURATION}-input-files.xcfilelist",
			);
			name = "[CP] Embed Pods Frameworks";
			outputFileListPaths = (
				"${PODS_ROOT}/Target Support Files/Pods-Swift-Common/Pods-Swift-Common-frameworks-${CONFIGURATION}-output-files.xcfilelist",
			);
			runOnlyForDeploymentPostprocessing = 0;
			shellPath = /bin/sh;
			shellScript = "\"${PODS_ROOT}/Target Support Files/Pods-Swift-Common/Pods-Swift-Common-frameworks.sh\"\n";
			showEnvVarsInLog = 0;
		};
/* End PBXShellScriptBuildPhase section */

/* Begin PBXSourcesBuildPhase section */
		CD8B22B42490C25200B0CCDF /* Sources */ = {
			isa = PBXSourcesBuildPhase;
			buildActionMask = 2147483647;
			files = (
				CD381246249A1EF400D3412A /* BaseViewController.swift in Sources */,
				CD381243249A1EA900D3412A /* MainViewController.swift in Sources */,
				CD38124D249B0B3C00D3412A /* UIView+Extension.swift in Sources */,
				CD381251249B0DAB00D3412A /* UITextView+Extension.swift in Sources */,
				CD381261249B179C00D3412A /* StoryboardInitable.swift in Sources */,
				CD381244249A1EA900D3412A /* MainReactor.swift in Sources */,
				CD8B22FA2490CBF600B0CCDF /* ActivityIndicator.swift in Sources */,
				CD38125D249B15E000D3412A /* UICollectionView+Extension.swift in Sources */,
				CD38125F249B16AA00D3412A /* UIScrollView+Extension.swift in Sources */,
				CD381254249B0E3700D3412A /* UITextField+Extension.swift in Sources */,
				CDC20406249B364B00113AF6 /* String+Extension.swift in Sources */,
				CD381258249B116200D3412A /* NSObject+Extension.swift in Sources */,
				CD38125B249B13E500D3412A /* XibInitable.swift in Sources */,
				CD8B22BC2490C25200B0CCDF /* AppDelegate.swift in Sources */,
				CD381249249A1FD500D3412A /* APITarget.swift in Sources */,
				CD38124F249B0D0300D3412A /* UIWindow+Extension.swift in Sources */,
				CD38124B249B09DB00D3412A /* UIScreen+Extension.swift in Sources */,
				CDC20408249B37B300113AF6 /* NSMutableAttributedString+Extension.swift in Sources */,
				CD381256249B0F4100D3412A /* UITableView+Extension.swift in Sources */,
			);
			runOnlyForDeploymentPostprocessing = 0;
		};
		CD8B22CA2490C25500B0CCDF /* Sources */ = {
			isa = PBXSourcesBuildPhase;
			buildActionMask = 2147483647;
			files = (
				CD8B22D32490C25500B0CCDF /* SwiftCommonTests.swift in Sources */,
			);
			runOnlyForDeploymentPostprocessing = 0;
		};
		CD8B22D52490C25500B0CCDF /* Sources */ = {
			isa = PBXSourcesBuildPhase;
			buildActionMask = 2147483647;
			files = (
				CD8B22DE2490C25500B0CCDF /* SwiftCommonUITests.swift in Sources */,
			);
			runOnlyForDeploymentPostprocessing = 0;
		};
/* End PBXSourcesBuildPhase section */

/* Begin PBXTargetDependency section */
		CD8B22D02490C25500B0CCDF /* PBXTargetDependency */ = {
			isa = PBXTargetDependency;
			target = CD8B22B72490C25200B0CCDF /* Swift-Common */;
			targetProxy = CD8B22CF2490C25500B0CCDF /* PBXContainerItemProxy */;
		};
		CD8B22DB2490C25500B0CCDF /* PBXTargetDependency */ = {
			isa = PBXTargetDependency;
			target = CD8B22B72490C25200B0CCDF /* Swift-Common */;
			targetProxy = CD8B22DA2490C25500B0CCDF /* PBXContainerItemProxy */;
		};
/* End PBXTargetDependency section */

/* Begin PBXVariantGroup section */
		CD8B22C12490C25200B0CCDF /* Main.storyboard */ = {
			isa = PBXVariantGroup;
			children = (
				CD8B22C22490C25200B0CCDF /* Base */,
			);
			name = Main.storyboard;
			sourceTree = "<group>";
		};
		CD8B22C62490C25400B0CCDF /* LaunchScreen.storyboard */ = {
			isa = PBXVariantGroup;
			children = (
				CD8B22C72490C25400B0CCDF /* Base */,
			);
			name = LaunchScreen.storyboard;
			sourceTree = "<group>";
		};
/* End PBXVariantGroup section */

/* Begin XCBuildConfiguration section */
		CD8B22E02490C25500B0CCDF /* Debug */ = {
			isa = XCBuildConfiguration;
			buildSettings = {
				ALWAYS_SEARCH_USER_PATHS = NO;
				CLANG_ANALYZER_NONNULL = YES;
				CLANG_ANALYZER_NUMBER_OBJECT_CONVERSION = YES_AGGRESSIVE;
				CLANG_CXX_LANGUAGE_STANDARD = "gnu++14";
				CLANG_CXX_LIBRARY = "libc++";
				CLANG_ENABLE_MODULES = YES;
				CLANG_ENABLE_OBJC_ARC = YES;
				CLANG_ENABLE_OBJC_WEAK = YES;
				CLANG_WARN_BLOCK_CAPTURE_AUTORELEASING = YES;
				CLANG_WARN_BOOL_CONVERSION = YES;
				CLANG_WARN_COMMA = YES;
				CLANG_WARN_CONSTANT_CONVERSION = YES;
				CLANG_WARN_DEPRECATED_OBJC_IMPLEMENTATIONS = YES;
				CLANG_WARN_DIRECT_OBJC_ISA_USAGE = YES_ERROR;
				CLANG_WARN_DOCUMENTATION_COMMENTS = YES;
				CLANG_WARN_EMPTY_BODY = YES;
				CLANG_WARN_ENUM_CONVERSION = YES;
				CLANG_WARN_INFINITE_RECURSION = YES;
				CLANG_WARN_INT_CONVERSION = YES;
				CLANG_WARN_NON_LITERAL_NULL_CONVERSION = YES;
				CLANG_WARN_OBJC_IMPLICIT_RETAIN_SELF = YES;
				CLANG_WARN_OBJC_LITERAL_CONVERSION = YES;
				CLANG_WARN_OBJC_ROOT_CLASS = YES_ERROR;
				CLANG_WARN_RANGE_LOOP_ANALYSIS = YES;
				CLANG_WARN_STRICT_PROTOTYPES = YES;
				CLANG_WARN_SUSPICIOUS_MOVE = YES;
				CLANG_WARN_UNGUARDED_AVAILABILITY = YES_AGGRESSIVE;
				CLANG_WARN_UNREACHABLE_CODE = YES;
				CLANG_WARN__DUPLICATE_METHOD_MATCH = YES;
				COPY_PHASE_STRIP = NO;
				DEBUG_INFORMATION_FORMAT = dwarf;
				ENABLE_STRICT_OBJC_MSGSEND = YES;
				ENABLE_TESTABILITY = YES;
				GCC_C_LANGUAGE_STANDARD = gnu11;
				GCC_DYNAMIC_NO_PIC = NO;
				GCC_NO_COMMON_BLOCKS = YES;
				GCC_OPTIMIZATION_LEVEL = 0;
				GCC_PREPROCESSOR_DEFINITIONS = (
					"DEBUG=1",
					"$(inherited)",
				);
				GCC_WARN_64_TO_32_BIT_CONVERSION = YES;
				GCC_WARN_ABOUT_RETURN_TYPE = YES_ERROR;
				GCC_WARN_UNDECLARED_SELECTOR = YES;
				GCC_WARN_UNINITIALIZED_AUTOS = YES_AGGRESSIVE;
				GCC_WARN_UNUSED_FUNCTION = YES;
				GCC_WARN_UNUSED_VARIABLE = YES;
				IPHONEOS_DEPLOYMENT_TARGET = 11.0;
				MTL_ENABLE_DEBUG_INFO = INCLUDE_SOURCE;
				MTL_FAST_MATH = YES;
				ONLY_ACTIVE_ARCH = YES;
				SDKROOT = iphoneos;
				SWIFT_ACTIVE_COMPILATION_CONDITIONS = DEBUG;
				SWIFT_OPTIMIZATION_LEVEL = "-Onone";
			};
			name = Debug;
		};
		CD8B22E12490C25500B0CCDF /* Release */ = {
			isa = XCBuildConfiguration;
			buildSettings = {
				ALWAYS_SEARCH_USER_PATHS = NO;
				CLANG_ANALYZER_NONNULL = YES;
				CLANG_ANALYZER_NUMBER_OBJECT_CONVERSION = YES_AGGRESSIVE;
				CLANG_CXX_LANGUAGE_STANDARD = "gnu++14";
				CLANG_CXX_LIBRARY = "libc++";
				CLANG_ENABLE_MODULES = YES;
				CLANG_ENABLE_OBJC_ARC = YES;
				CLANG_ENABLE_OBJC_WEAK = YES;
				CLANG_WARN_BLOCK_CAPTURE_AUTORELEASING = YES;
				CLANG_WARN_BOOL_CONVERSION = YES;
				CLANG_WARN_COMMA = YES;
				CLANG_WARN_CONSTANT_CONVERSION = YES;
				CLANG_WARN_DEPRECATED_OBJC_IMPLEMENTATIONS = YES;
				CLANG_WARN_DIRECT_OBJC_ISA_USAGE = YES_ERROR;
				CLANG_WARN_DOCUMENTATION_COMMENTS = YES;
				CLANG_WARN_EMPTY_BODY = YES;
				CLANG_WARN_ENUM_CONVERSION = YES;
				CLANG_WARN_INFINITE_RECURSION = YES;
				CLANG_WARN_INT_CONVERSION = YES;
				CLANG_WARN_NON_LITERAL_NULL_CONVERSION = YES;
				CLANG_WARN_OBJC_IMPLICIT_RETAIN_SELF = YES;
				CLANG_WARN_OBJC_LITERAL_CONVERSION = YES;
				CLANG_WARN_OBJC_ROOT_CLASS = YES_ERROR;
				CLANG_WARN_RANGE_LOOP_ANALYSIS = YES;
				CLANG_WARN_STRICT_PROTOTYPES = YES;
				CLANG_WARN_SUSPICIOUS_MOVE = YES;
				CLANG_WARN_UNGUARDED_AVAILABILITY = YES_AGGRESSIVE;
				CLANG_WARN_UNREACHABLE_CODE = YES;
				CLANG_WARN__DUPLICATE_METHOD_MATCH = YES;
				COPY_PHASE_STRIP = NO;
				DEBUG_INFORMATION_FORMAT = "dwarf-with-dsym";
				ENABLE_NS_ASSERTIONS = NO;
				ENABLE_STRICT_OBJC_MSGSEND = YES;
				GCC_C_LANGUAGE_STANDARD = gnu11;
				GCC_NO_COMMON_BLOCKS = YES;
				GCC_WARN_64_TO_32_BIT_CONVERSION = YES;
				GCC_WARN_ABOUT_RETURN_TYPE = YES_ERROR;
				GCC_WARN_UNDECLARED_SELECTOR = YES;
				GCC_WARN_UNINITIALIZED_AUTOS = YES_AGGRESSIVE;
				GCC_WARN_UNUSED_FUNCTION = YES;
				GCC_WARN_UNUSED_VARIABLE = YES;
				IPHONEOS_DEPLOYMENT_TARGET = 11.0;
				MTL_ENABLE_DEBUG_INFO = NO;
				MTL_FAST_MATH = YES;
				SDKROOT = iphoneos;
				SWIFT_COMPILATION_MODE = wholemodule;
				SWIFT_OPTIMIZATION_LEVEL = "-O";
				VALIDATE_PRODUCT = YES;
			};
			name = Release;
		};
		CD8B22E32490C25500B0CCDF /* Debug */ = {
			isa = XCBuildConfiguration;
			baseConfigurationReference = 54AD54EC2A05709152B96205 /* Pods-Swift-Common.debug.xcconfig */;
			buildSettings = {
				ASSETCATALOG_COMPILER_APPICON_NAME = AppIcon;
				CODE_SIGN_STYLE = Automatic;
				INFOPLIST_FILE = "Swift-Common/Resources/Info.plist";
				IPHONEOS_DEPLOYMENT_TARGET = 11.0;
				LD_RUNPATH_SEARCH_PATHS = (
					"$(inherited)",
					"@executable_path/Frameworks",
				);
				PRODUCT_BUNDLE_IDENTIFIER = "xiaosan-dev.Swift-Common";
				PRODUCT_NAME = "$(TARGET_NAME)";
				SWIFT_VERSION = 5.0;
				TARGETED_DEVICE_FAMILY = "1,2";
			};
			name = Debug;
		};
		CD8B22E42490C25500B0CCDF /* Release */ = {
			isa = XCBuildConfiguration;
			baseConfigurationReference = 72F8EAFB6FD5E1E4F637DB01 /* Pods-Swift-Common.release.xcconfig */;
			buildSettings = {
				ASSETCATALOG_COMPILER_APPICON_NAME = AppIcon;
				CODE_SIGN_STYLE = Automatic;
				INFOPLIST_FILE = "Swift-Common/Resources/Info.plist";
				IPHONEOS_DEPLOYMENT_TARGET = 11.0;
				LD_RUNPATH_SEARCH_PATHS = (
					"$(inherited)",
					"@executable_path/Frameworks",
				);
				PRODUCT_BUNDLE_IDENTIFIER = "xiaosan-dev.Swift-Common";
				PRODUCT_NAME = "$(TARGET_NAME)";
				SWIFT_VERSION = 5.0;
				TARGETED_DEVICE_FAMILY = "1,2";
			};
			name = Release;
		};
		CD8B22E62490C25500B0CCDF /* Debug */ = {
			isa = XCBuildConfiguration;
			baseConfigurationReference = 4EA233F9766EA82F5C39BFA0 /* Pods-Swift-CommonTests.debug.xcconfig */;
			buildSettings = {
				ALWAYS_EMBED_SWIFT_STANDARD_LIBRARIES = YES;
				BUNDLE_LOADER = "$(TEST_HOST)";
				CODE_SIGN_STYLE = Automatic;
				INFOPLIST_FILE = "Swift-CommonTests/Info.plist";
				IPHONEOS_DEPLOYMENT_TARGET = 13.5;
				LD_RUNPATH_SEARCH_PATHS = (
					"$(inherited)",
					"@executable_path/Frameworks",
					"@loader_path/Frameworks",
				);
				PRODUCT_BUNDLE_IDENTIFIER = "xiaosan-dev.Swift-CommonTests";
				PRODUCT_NAME = "$(TARGET_NAME)";
				SWIFT_VERSION = 5.0;
				TARGETED_DEVICE_FAMILY = "1,2";
				TEST_HOST = "$(BUILT_PRODUCTS_DIR)/Swift-Common.app/Swift-Common";
			};
			name = Debug;
		};
		CD8B22E72490C25500B0CCDF /* Release */ = {
			isa = XCBuildConfiguration;
			baseConfigurationReference = C68F93520D57CBC669970CC8 /* Pods-Swift-CommonTests.release.xcconfig */;
			buildSettings = {
				ALWAYS_EMBED_SWIFT_STANDARD_LIBRARIES = YES;
				BUNDLE_LOADER = "$(TEST_HOST)";
				CODE_SIGN_STYLE = Automatic;
				INFOPLIST_FILE = "Swift-CommonTests/Info.plist";
				IPHONEOS_DEPLOYMENT_TARGET = 13.5;
				LD_RUNPATH_SEARCH_PATHS = (
					"$(inherited)",
					"@executable_path/Frameworks",
					"@loader_path/Frameworks",
				);
				PRODUCT_BUNDLE_IDENTIFIER = "xiaosan-dev.Swift-CommonTests";
				PRODUCT_NAME = "$(TARGET_NAME)";
				SWIFT_VERSION = 5.0;
				TARGETED_DEVICE_FAMILY = "1,2";
				TEST_HOST = "$(BUILT_PRODUCTS_DIR)/Swift-Common.app/Swift-Common";
			};
			name = Release;
		};
		CD8B22E92490C25500B0CCDF /* Debug */ = {
			isa = XCBuildConfiguration;
			baseConfigurationReference = 3F7B02C22EC60E386B126F2B /* Pods-Swift-Common-Swift-CommonUITests.debug.xcconfig */;
			buildSettings = {
				ALWAYS_EMBED_SWIFT_STANDARD_LIBRARIES = YES;
				CODE_SIGN_STYLE = Automatic;
				INFOPLIST_FILE = "Swift-CommonUITests/Info.plist";
				LD_RUNPATH_SEARCH_PATHS = (
					"$(inherited)",
					"@executable_path/Frameworks",
					"@loader_path/Frameworks",
				);
				PRODUCT_BUNDLE_IDENTIFIER = "xiaosan-dev.Swift-CommonUITests";
				PRODUCT_NAME = "$(TARGET_NAME)";
				SWIFT_VERSION = 5.0;
				TARGETED_DEVICE_FAMILY = "1,2";
				TEST_TARGET_NAME = "Swift-Common";
			};
			name = Debug;
		};
		CD8B22EA2490C25500B0CCDF /* Release */ = {
			isa = XCBuildConfiguration;
			baseConfigurationReference = 534C3977A82FFE8059FEE9C7 /* Pods-Swift-Common-Swift-CommonUITests.release.xcconfig */;
			buildSettings = {
				ALWAYS_EMBED_SWIFT_STANDARD_LIBRARIES = YES;
				CODE_SIGN_STYLE = Automatic;
				INFOPLIST_FILE = "Swift-CommonUITests/Info.plist";
				LD_RUNPATH_SEARCH_PATHS = (
					"$(inherited)",
					"@executable_path/Frameworks",
					"@loader_path/Frameworks",
				);
				PRODUCT_BUNDLE_IDENTIFIER = "xiaosan-dev.Swift-CommonUITests";
				PRODUCT_NAME = "$(TARGET_NAME)";
				SWIFT_VERSION = 5.0;
				TARGETED_DEVICE_FAMILY = "1,2";
				TEST_TARGET_NAME = "Swift-Common";
			};
			name = Release;
		};
/* End XCBuildConfiguration section */

/* Begin XCConfigurationList section */
		CD8B22B32490C25200B0CCDF /* Build configuration list for PBXProject "Swift-Common" */ = {
			isa = XCConfigurationList;
			buildConfigurations = (
				CD8B22E02490C25500B0CCDF /* Debug */,
				CD8B22E12490C25500B0CCDF /* Release */,
			);
			defaultConfigurationIsVisible = 0;
			defaultConfigurationName = Release;
		};
		CD8B22E22490C25500B0CCDF /* Build configuration list for PBXNativeTarget "Swift-Common" */ = {
			isa = XCConfigurationList;
			buildConfigurations = (
				CD8B22E32490C25500B0CCDF /* Debug */,
				CD8B22E42490C25500B0CCDF /* Release */,
			);
			defaultConfigurationIsVisible = 0;
			defaultConfigurationName = Release;
		};
		CD8B22E52490C25500B0CCDF /* Build configuration list for PBXNativeTarget "Swift-CommonTests" */ = {
			isa = XCConfigurationList;
			buildConfigurations = (
				CD8B22E62490C25500B0CCDF /* Debug */,
				CD8B22E72490C25500B0CCDF /* Release */,
			);
			defaultConfigurationIsVisible = 0;
			defaultConfigurationName = Release;
		};
		CD8B22E82490C25500B0CCDF /* Build configuration list for PBXNativeTarget "Swift-CommonUITests" */ = {
			isa = XCConfigurationList;
			buildConfigurations = (
				CD8B22E92490C25500B0CCDF /* Debug */,
				CD8B22EA2490C25500B0CCDF /* Release */,
			);
			defaultConfigurationIsVisible = 0;
			defaultConfigurationName = Release;
		};
/* End XCConfigurationList section */
	};
	rootObject = CD8B22B02490C25200B0CCDF /* Project object */;
}
